
Microsoft Visual Studio Solution File, Format Version 12.00
# Visual Studio 14
VisualStudioVersion = 14.0.25420.1
MinimumVisualStudioVersion = 10.0.40219.1
Project("{FAE04EC0-301F-11D3-BF4B-00C04F79EFBC}") = "CmdletProviders", "CmdletProviders\CmdletProviders.csproj", "{69BCAFDD-E5B6-4DA5-A15F-2BBED2B170EA}"
EndProject
Project("{FAE04EC0-301F-11D3-BF4B-00C04F79EFBC}") = "CmdletProviders.Tests", "CmdletProviders.Tests\CmdletProviders.Tests.csproj", "{C4610639-E794-4D5C-8E37-815AE01B43C8}"
EndProject
Project("{FAE04EC0-301F-11D3-BF4B-00C04F79EFBC}") = "CmdletProviders.Modules", "CmdletProviders.Modules\CmdletProviders.Modules.csproj", "{59D8EF13-0DB0-4411-9589-28C7900E7E3B}"
EndProject
Global
	GlobalSection(SolutionConfigurationPlatforms) = preSolution
		Debug|Any CPU = Debug|Any CPU
		Release|Any CPU = Release|Any CPU
	EndGlobalSection
	GlobalSection(ProjectConfigurationPlatforms) = postSolution
		{69BCAFDD-E5B6-4DA5-A15F-2BBED2B170EA}.Debug|Any CPU.ActiveCfg = Debug|Any CPU
		{69BCAFDD-E5B6-4DA5-A15F-2BBED2B170EA}.Debug|Any CPU.Build.0 = Debug|Any CPU
		{69BCAFDD-E5B6-4DA5-A15F-2BBED2B170EA}.Release|Any CPU.ActiveCfg = Release|Any CPU
		{69BCAFDD-E5B6-4DA5-A15F-2BBED2B170EA}.Release|Any CPU.Build.0 = Release|Any CPU
		{C4610639-E794-4D5C-8E37-815AE01B43C8}.Debug|Any CPU.ActiveCfg = Debug|Any CPU
		{C4610639-E794-4D5C-8E37-815AE01B43C8}.Debug|Any CPU.Build.0 = Debug|Any CPU
		{C4610639-E794-4D5C-8E37-815AE01B43C8}.Release|Any CPU.ActiveCfg = Release|Any CPU
		{C4610639-E794-4D5C-8E37-815AE01B43C8}.Release|Any CPU.Build.0 = Release|Any CPU
		{59D8EF13-0DB0-4411-9589-28C7900E7E3B}.Debug|Any CPU.ActiveCfg = Debug|Any CPU
		{59D8EF13-0DB0-4411-9589-28C7900E7E3B}.Debug|Any CPU.Build.0 = Debug|Any CPU
		{59D8EF13-0DB0-4411-9589-28C7900E7E3B}.Release|Any CPU.ActiveCfg = Release|Any CPU
		{59D8EF13-0DB0-4411-9589-28C7900E7E3B}.Release|Any CPU.Build.0 = Release|Any CPU
	EndGlobalSection
	GlobalSection(SolutionProperties) = preSolution
		HideSolutionNode = FALSE
	EndGlobalSection
EndGlobal
